
Microsoft Visual Studio Solution File, Format Version 12.00
# Visual Studio Version 16
VisualStudioVersion = 16.0.30611.23
MinimumVisualStudioVersion = 10.0.40219.1
Project("{FAE04EC0-301F-11D3-BF4B-00C04F79EFBC}") = "MortgageCalculator", "MortgageCalculator.csproj", "{62C61053-D34A-4F09-A44D-E578DCE2249D}"
EndProject
Global
	GlobalSection(SolutionConfigurationPlatforms) = preSolution
		Debug|Any CPU = Debug|Any CPU
		Release|Any CPU = Release|Any CPU
	EndGlobalSection
	GlobalSection(ProjectConfigurationPlatforms) = postSolution
		{62C61053-D34A-4F09-A44D-E578DCE2249D}.Debug|Any CPU.ActiveCfg = Debug|Any CPU
		{62C61053-D34A-4F09-A44D-E578DCE2249D}.Debug|Any CPU.Build.0 = Debug|Any CPU
		{62C61053-D34A-4F09-A44D-E578DCE2249D}.Release|Any CPU.ActiveCfg = Release|Any CPU
		{62C61053-D34A-4F09-A44D-E578DCE2249D}.Release|Any CPU.Build.0 = Release|Any CPU
	EndGlobalSection
	GlobalSection(SolutionProperties) = preSolution
		HideSolutionNode = FALSE
	EndGlobalSection
	GlobalSection(ExtensibilityGlobals) = postSolution
		SolutionGuid = {22D9F614-4DAF-42C8-BD41-3E60AD28B95C}
	EndGlobalSection
EndGlobal
